
Microsoft Visual Studio Solution File, Format Version 12.00
# Visual Studio 2012
Project("{FAE04EC0-301F-11D3-BF4B-00C04F79EFBC}") = "DeadlyReentry", "DeadlyReentry.csproj", "{F6F826CC-5CED-421B-B05F-5758D402976A}"
EndProject
Project("{FAE04EC0-301F-11D3-BF4B-00C04F79EFBC}") = "ModularFlightIntegrator", "..\..\ModularFlightIntegrator\ModularFlightIntegrator.csproj", "{EE8094B7-3C3E-4BEE-B01A-5A83F36D745D}"
EndProject
Project("{FAE04EC0-301F-11D3-BF4B-00C04F79EFBC}") = "Animation2Value", "Animation2Value\Animation2Value.csproj", "{693BACEC-CB40-4BC6-8C70-79C88AA01C19}"
EndProject
Global
	GlobalSection(SolutionConfigurationPlatforms) = preSolution
		Debug|Any CPU = Debug|Any CPU
		Release|Any CPU = Release|Any CPU
	EndGlobalSection
	GlobalSection(ProjectConfigurationPlatforms) = postSolution
		{EE8094B7-3C3E-4BEE-B01A-5A83F36D745D}.Debug|Any CPU.ActiveCfg = Debug|Any CPU
		{EE8094B7-3C3E-4BEE-B01A-5A83F36D745D}.Debug|Any CPU.Build.0 = Debug|Any CPU
		{EE8094B7-3C3E-4BEE-B01A-5A83F36D745D}.Release|Any CPU.ActiveCfg = Release|Any CPU
		{EE8094B7-3C3E-4BEE-B01A-5A83F36D745D}.Release|Any CPU.Build.0 = Release|Any CPU
		{F6F826CC-5CED-421B-B05F-5758D402976A}.Debug|Any CPU.ActiveCfg = Debug|Any CPU
		{F6F826CC-5CED-421B-B05F-5758D402976A}.Debug|Any CPU.Build.0 = Debug|Any CPU
		{F6F826CC-5CED-421B-B05F-5758D402976A}.Release|Any CPU.ActiveCfg = Release|Any CPU
		{F6F826CC-5CED-421B-B05F-5758D402976A}.Release|Any CPU.Build.0 = Release|Any CPU
		{693BACEC-CB40-4BC6-8C70-79C88AA01C19}.Debug|Any CPU.ActiveCfg = Debug|Any CPU
		{693BACEC-CB40-4BC6-8C70-79C88AA01C19}.Debug|Any CPU.Build.0 = Debug|Any CPU
		{693BACEC-CB40-4BC6-8C70-79C88AA01C19}.Release|Any CPU.ActiveCfg = Release|Any CPU
		{693BACEC-CB40-4BC6-8C70-79C88AA01C19}.Release|Any CPU.Build.0 = Release|Any CPU
	EndGlobalSection
	GlobalSection(MonoDevelopProperties) = preSolution
		Policies = $0
		$0.DotNetNamingPolicy = $1
		$1.DirectoryNamespaceAssociation = None
		$1.ResourceNamePolicy = FileFormatDefault
		$0.TextStylePolicy = $2
		$2.FileWidth = 120
		$2.TabsToSpaces = False
		$2.inheritsSet = VisualStudio
		$2.inheritsScope = text/plain
		description = The Melificent Edition
		version = 7.4.6
		StartupItem = DeadlyReentry.csproj
	EndGlobalSection
	GlobalSection(SolutionProperties) = preSolution
		HideSolutionNode = FALSE
	EndGlobalSection
EndGlobal
